
Microsoft Visual Studio Solution File, Format Version 12.00
# Visual Studio Version 17
VisualStudioVersion = 17.14.36414.22 d17.14
MinimumVisualStudioVersion = 10.0.40219.1
Project("{FAE04EC0-301F-11D3-BF4B-00C04F79EFBC}") = "HotelBooking.Api", "HotelBookingSystem\HotelBooking.Api.csproj", "{77E1AB2B-CEE2-4D40-99F1-F9AFB0344CD7}"
EndProject
Global
	GlobalSection(SolutionConfigurationPlatforms) = preSolution
		Debug|Any CPU = Debug|Any CPU
		Release|Any CPU = Release|Any CPU
	EndGlobalSection
	GlobalSection(ProjectConfigurationPlatforms) = postSolution
		{77E1AB2B-CEE2-4D40-99F1-F9AFB0344CD7}.Debug|Any CPU.ActiveCfg = Debug|Any CPU
		{77E1AB2B-CEE2-4D40-99F1-F9AFB0344CD7}.Debug|Any CPU.Build.0 = Debug|Any CPU
		{77E1AB2B-CEE2-4D40-99F1-F9AFB0344CD7}.Release|Any CPU.ActiveCfg = Release|Any CPU
		{77E1AB2B-CEE2-4D40-99F1-F9AFB0344CD7}.Release|Any CPU.Build.0 = Release|Any CPU
	EndGlobalSection
	GlobalSection(SolutionProperties) = preSolution
		HideSolutionNode = FALSE
	EndGlobalSection
	GlobalSection(ExtensibilityGlobals) = postSolution
		SolutionGuid = {634EE893-D5D6-4607-AD4E-954C1C454B27}
	EndGlobalSection
EndGlobal
